// !$*UTF8*$!
{
	archiveVersion = 1;
	classes = {
	};
	objectVersion = 55;
	objects = {

/* Begin PBXBuildFile section */
		D3A8D47527CAB6E800B11B82 /* AppDelegate.swift in Sources */ = {isa = PBXBuildFile; fileRef = D3A8D47427CAB6E800B11B82 /* AppDelegate.swift */; };
		D3A8D47727CAB6E800B11B82 /* SceneDelegate.swift in Sources */ = {isa = PBXBuildFile; fileRef = D3A8D47627CAB6E800B11B82 /* SceneDelegate.swift */; };
		D3A8D47927CAB6E800B11B82 /* ViewController.swift in Sources */ = {isa = PBXBuildFile; fileRef = D3A8D47827CAB6E800B11B82 /* ViewController.swift */; };
		D3A8D47C27CAB6E800B11B82 /* Main.storyboard in Resources */ = {isa = PBXBuildFile; fileRef = D3A8D47A27CAB6E800B11B82 /* Main.storyboard */; };
		D3A8D47E27CAB6E900B11B82 /* Assets.xcassets in Resources */ = {isa = PBXBuildFile; fileRef = D3A8D47D27CAB6E900B11B82 /* Assets.xcassets */; };
		D3A8D48127CAB6E900B11B82 /* LaunchScreen.storyboard in Resources */ = {isa = PBXBuildFile; fileRef = D3A8D47F27CAB6E900B11B82 /* LaunchScreen.storyboard */; };
		D3A8D4A427CABD6D00B11B82 /* Alamofire.framework in Frameworks */ = {isa = PBXBuildFile; fileRef = D3A8D49427CABA7B00B11B82 /* Alamofire.framework */; };
		D3A8D4A527CABD6D00B11B82 /* Alamofire.framework in Embed Frameworks */ = {isa = PBXBuildFile; fileRef = D3A8D49427CABA7B00B11B82 /* Alamofire.framework */; settings = {ATTRIBUTES = (CodeSignOnCopy, RemoveHeadersOnCopy, ); }; };
/* End PBXBuildFile section */

/* Begin PBXContainerItemProxy section */
		D3A8D49327CABA7B00B11B82 /* PBXContainerItemProxy */ = {
			isa = PBXContainerItemProxy;
			containerPortal = D3A8D48827CABA7B00B11B82 /* Alamofire.xcodeproj */;
			proxyType = 2;
			remoteGlobalIDString = F8111E3319A95C8B0040E7D1;
			remoteInfo = "Alamofire iOS";
		};
		D3A8D49527CABA7B00B11B82 /* PBXContainerItemProxy */ = {
			isa = PBXContainerItemProxy;
			containerPortal = D3A8D48827CABA7B00B11B82 /* Alamofire.xcodeproj */;
			proxyType = 2;
			remoteGlobalIDString = F8111E3E19A95C8B0040E7D1;
			remoteInfo = "Alamofire iOS Tests";
		};
		D3A8D49727CABA7B00B11B82 /* PBXContainerItemProxy */ = {
			isa = PBXContainerItemProxy;
			containerPortal = D3A8D48827CABA7B00B11B82 /* Alamofire.xcodeproj */;
			proxyType = 2;
			remoteGlobalIDString = 4DD67C0B1A5C55C900ED2280;
			remoteInfo = "Alamofire macOS";
		};
		D3A8D49927CABA7B00B11B82 /* PBXContainerItemProxy */ = {
			isa = PBXContainerItemProxy;
			containerPortal = D3A8D48827CABA7B00B11B82 /* Alamofire.xcodeproj */;
			proxyType = 2;
			remoteGlobalIDString = F829C6B21A7A94F100A2CD59;
			remoteInfo = "Alamofire macOS Tests";
		};
		D3A8D49B27CABA7B00B11B82 /* PBXContainerItemProxy */ = {
			isa = PBXContainerItemProxy;
			containerPortal = D3A8D48827CABA7B00B11B82 /* Alamofire.xcodeproj */;
			proxyType = 2;
			remoteGlobalIDString = 4CF626EF1BA7CB3E0011A099;
			remoteInfo = "Alamofire tvOS";
		};
		D3A8D49D27CABA7B00B11B82 /* PBXContainerItemProxy */ = {
			isa = PBXContainerItemProxy;
			containerPortal = D3A8D48827CABA7B00B11B82 /* Alamofire.xcodeproj */;
			proxyType = 2;
			remoteGlobalIDString = 4CF626F81BA7CB3E0011A099;
			remoteInfo = "Alamofire tvOS Tests";
		};
		D3A8D49F27CABA7B00B11B82 /* PBXContainerItemProxy */ = {
			isa = PBXContainerItemProxy;
			containerPortal = D3A8D48827CABA7B00B11B82 /* Alamofire.xcodeproj */;
			proxyType = 2;
			remoteGlobalIDString = E4202FE01B667AA100C997FB;
			remoteInfo = "Alamofire watchOS";
		};
		D3A8D4A127CABA7B00B11B82 /* PBXContainerItemProxy */ = {
			isa = PBXContainerItemProxy;
			containerPortal = D3A8D48827CABA7B00B11B82 /* Alamofire.xcodeproj */;
			proxyType = 2;
			remoteGlobalIDString = 31293065263E17D600473CEA;
			remoteInfo = "Alamofire watchOS Tests";
		};
/* End PBXContainerItemProxy section */

/* Begin PBXCopyFilesBuildPhase section */
		D3A8D4A627CABD6D00B11B82 /* Embed Frameworks */ = {
			isa = PBXCopyFilesBuildPhase;
			buildActionMask = 2147483647;
			dstPath = "";
			dstSubfolderSpec = 10;
			files = (
				D3A8D4A527CABD6D00B11B82 /* Alamofire.framework in Embed Frameworks */,
			);
			name = "Embed Frameworks";
			runOnlyForDeploymentPostprocessing = 0;
		};
/* End PBXCopyFilesBuildPhase section */

/* Begin PBXFileReference section */
		D3A8D47127CAB6E800B11B82 /* AlamofireDemo.app */ = {isa = PBXFileReference; explicitFileType = wrapper.application; includeInIndex = 0; path = AlamofireDemo.app; sourceTree = BUILT_PRODUCTS_DIR; };
		D3A8D47427CAB6E800B11B82 /* AppDelegate.swift */ = {isa = PBXFileReference; lastKnownFileType = sourcecode.swift; path = AppDelegate.swift; sourceTree = "<group>"; };
		D3A8D47627CAB6E800B11B82 /* SceneDelegate.swift */ = {isa = PBXFileReference; lastKnownFileType = sourcecode.swift; path = SceneDelegate.swift; sourceTree = "<group>"; };
		D3A8D47827CAB6E800B11B82 /* ViewController.swift */ = {isa = PBXFileReference; lastKnownFileType = sourcecode.swift; path = ViewController.swift; sourceTree = "<group>"; };
		D3A8D47B27CAB6E800B11B82 /* Base */ = {isa = PBXFileReference; lastKnownFileType = file.storyboard; name = Base; path = Base.lproj/Main.storyboard; sourceTree = "<group>"; };
		D3A8D47D27CAB6E900B11B82 /* Assets.xcassets */ = {isa = PBXFileReference; lastKnownFileType = folder.assetcatalog; path = Assets.xcassets; sourceTree = "<group>"; };
		D3A8D48027CAB6E900B11B82 /* Base */ = {isa = PBXFileReference; lastKnownFileType = file.storyboard; name = Base; path = Base.lproj/LaunchScreen.storyboard; sourceTree = "<group>"; };
		D3A8D48227CAB6E900B11B82 /* Info.plist */ = {isa = PBXFileReference; lastKnownFileType = text.plist.xml; path = Info.plist; sourceTree = "<group>"; };
		D3A8D48827CABA7B00B11B82 /* Alamofire.xcodeproj */ = {isa = PBXFileReference; lastKnownFileType = "wrapper.pb-project"; name = Alamofire.xcodeproj; path = Alamofire/Alamofire.xcodeproj; sourceTree = SOURCE_ROOT; };
/* End PBXFileReference section */

/* Begin PBXFrameworksBuildPhase section */
		D3A8D46E27CAB6E800B11B82 /* Frameworks */ = {
			isa = PBXFrameworksBuildPhase;
			buildActionMask = 2147483647;
			files = (
				D3A8D4A427CABD6D00B11B82 /* Alamofire.framework in Frameworks */,
			);
			runOnlyForDeploymentPostprocessing = 0;
		};
/* End PBXFrameworksBuildPhase section */

/* Begin PBXGroup section */
		D3A8D46827CAB6E800B11B82 = {
			isa = PBXGroup;
			children = (
				D3A8D47327CAB6E800B11B82 /* AlamofireDemo */,
				D3A8D47227CAB6E800B11B82 /* Products */,
				D3A8D4A327CABD6D00B11B82 /* Frameworks */,
			);
			sourceTree = "<group>";
		};
		D3A8D47227CAB6E800B11B82 /* Products */ = {
			isa = PBXGroup;
			children = (
				D3A8D47127CAB6E800B11B82 /* AlamofireDemo.app */,
			);
			name = Products;
			sourceTree = "<group>";
		};
		D3A8D47327CAB6E800B11B82 /* AlamofireDemo */ = {
			isa = PBXGroup;
			children = (
				D3A8D47427CAB6E800B11B82 /* AppDelegate.swift */,
				D3A8D47627CAB6E800B11B82 /* SceneDelegate.swift */,
				D3A8D47827CAB6E800B11B82 /* ViewController.swift */,
				D3A8D47A27CAB6E800B11B82 /* Main.storyboard */,
				D3A8D47D27CAB6E900B11B82 /* Assets.xcassets */,
				D3A8D47F27CAB6E900B11B82 /* LaunchScreen.storyboard */,
				D3A8D48227CAB6E900B11B82 /* Info.plist */,
				D3A8D48827CABA7B00B11B82 /* Alamofire.xcodeproj */,
			);
			path = AlamofireDemo;
			sourceTree = "<group>";
		};
		D3A8D48927CABA7B00B11B82 /* Products */ = {
			isa = PBXGroup;
			children = (
				D3A8D49427CABA7B00B11B82 /* Alamofire.framework */,
				D3A8D49627CABA7B00B11B82 /* Alamofire iOS Tests.xctest */,
				D3A8D49827CABA7B00B11B82 /* Alamofire.framework */,
				D3A8D49A27CABA7B00B11B82 /* Alamofire macOS Tests.xctest */,
				D3A8D49C27CABA7B00B11B82 /* Alamofire.framework */,
				D3A8D49E27CABA7B00B11B82 /* Alamofire tvOS Tests.xctest */,
				D3A8D4A027CABA7B00B11B82 /* Alamofire.framework */,
				D3A8D4A227CABA7B00B11B82 /* Alamofire watchOS Tests.xctest */,
			);
			name = Products;
			sourceTree = "<group>";
		};
		D3A8D4A327CABD6D00B11B82 /* Frameworks */ = {
			isa = PBXGroup;
			children = (
			);
			name = Frameworks;
			sourceTree = "<group>";
		};
/* End PBXGroup section */

/* Begin PBXNativeTarget section */
		D3A8D47027CAB6E800B11B82 /* AlamofireDemo */ = {
			isa = PBXNativeTarget;
			buildConfigurationList = D3A8D48527CAB6E900B11B82 /* Build configuration list for PBXNativeTarget "AlamofireDemo" */;
			buildPhases = (
				D3A8D46D27CAB6E800B11B82 /* Sources */,
				D3A8D46E27CAB6E800B11B82 /* Frameworks */,
				D3A8D46F27CAB6E800B11B82 /* Resources */,
				D3A8D4A627CABD6D00B11B82 /* Embed Frameworks */,
			);
			buildRules = (
			);
			dependencies = (
			);
			name = AlamofireDemo;
			productName = AlamofireDemo;
			productReference = D3A8D47127CAB6E800B11B82 /* AlamofireDemo.app */;
			productType = "com.apple.product-type.application";
		};
/* End PBXNativeTarget section */

/* Begin PBXProject section */
		D3A8D46927CAB6E800B11B82 /* Project object */ = {
			isa = PBXProject;
			attributes = {
				BuildIndependentTargetsInParallel = 1;
				LastSwiftUpdateCheck = 1320;
				LastUpgradeCheck = 1320;
				TargetAttributes = {
					D3A8D47027CAB6E800B11B82 = {
						CreatedOnToolsVersion = 13.2.1;
					};
				};
			};
			buildConfigurationList = D3A8D46C27CAB6E800B11B82 /* Build configuration list for PBXProject "AlamofireDemo" */;
			compatibilityVersion = "Xcode 13.0";
			developmentRegion = en;
			hasScannedForEncodings = 0;
			knownRegions = (
				en,
				Base,
			);
			mainGroup = D3A8D46827CAB6E800B11B82;
			productRefGroup = D3A8D47227CAB6E800B11B82 /* Products */;
			projectDirPath = "";
			projectReferences = (
				{
					ProductGroup = D3A8D48927CABA7B00B11B82 /* Products */;
					ProjectRef = D3A8D48827CABA7B00B11B82 /* Alamofire.xcodeproj */;
				},
			);
			projectRoot = "";
			targets = (
				D3A8D47027CAB6E800B11B82 /* AlamofireDemo */,
			);
		};
/* End PBXProject section */

/* Begin PBXReferenceProxy section */
		D3A8D49427CABA7B00B11B82 /* Alamofire.framework */ = {
			isa = PBXReferenceProxy;
			fileType = wrapper.framework;
			path = Alamofire.framework;
			remoteRef = D3A8D49327CABA7B00B11B82 /* PBXContainerItemProxy */;
			sourceTree = BUILT_PRODUCTS_DIR;
		};
		D3A8D49627CABA7B00B11B82 /* Alamofire iOS Tests.xctest */ = {
			isa = PBXReferenceProxy;
			fileType = wrapper.cfbundle;
			path = "Alamofire iOS Tests.xctest";
			remoteRef = D3A8D49527CABA7B00B11B82 /* PBXContainerItemProxy */;
			sourceTree = BUILT_PRODUCTS_DIR;
		};
		D3A8D49827CABA7B00B11B82 /* Alamofire.framework */ = {
			isa = PBXReferenceProxy;
			fileType = wrapper.framework;
			path = Alamofire.framework;
			remoteRef = D3A8D49727CABA7B00B11B82 /* PBXContainerItemProxy */;
			sourceTree = BUILT_PRODUCTS_DIR;
		};
		D3A8D49A27CABA7B00B11B82 /* Alamofire macOS Tests.xctest */ = {
			isa = PBXReferenceProxy;
			fileType = wrapper.cfbundle;
			path = "Alamofire macOS Tests.xctest";
			remoteRef = D3A8D49927CABA7B00B11B82 /* PBXContainerItemProxy */;
			sourceTree = BUILT_PRODUCTS_DIR;
		};
		D3A8D49C27CABA7B00B11B82 /* Alamofire.framework */ = {
			isa = PBXReferenceProxy;
			fileType = wrapper.framework;
			path = Alamofire.framework;
			remoteRef = D3A8D49B27CABA7B00B11B82 /* PBXContainerItemProxy */;
			sourceTree = BUILT_PRODUCTS_DIR;
		};
		D3A8D49E27CABA7B00B11B82 /* Alamofire tvOS Tests.xctest */ = {
			isa = PBXReferenceProxy;
			fileType = wrapper.cfbundle;
			path = "Alamofire tvOS Tests.xctest";
			remoteRef = D3A8D49D27CABA7B00B11B82 /* PBXContainerItemProxy */;
			sourceTree = BUILT_PRODUCTS_DIR;
		};
		D3A8D4A027CABA7B00B11B82 /* Alamofire.framework */ = {
			isa = PBXReferenceProxy;
			fileType = wrapper.framework;
			path = Alamofire.framework;
			remoteRef = D3A8D49F27CABA7B00B11B82 /* PBXContainerItemProxy */;
			sourceTree = BUILT_PRODUCTS_DIR;
		};
		D3A8D4A227CABA7B00B11B82 /* Alamofire watchOS Tests.xctest */ = {
			isa = PBXReferenceProxy;
			fileType = wrapper.cfbundle;
			path = "Alamofire watchOS Tests.xctest";
			remoteRef = D3A8D4A127CABA7B00B11B82 /* PBXContainerItemProxy */;
			sourceTree = BUILT_PRODUCTS_DIR;
		};
/* End PBXReferenceProxy section */

/* Begin PBXResourcesBuildPhase section */
		D3A8D46F27CAB6E800B11B82 /* Resources */ = {
			isa = PBXResourcesBuildPhase;
			buildActionMask = 2147483647;
			files = (
				D3A8D48127CAB6E900B11B82 /* LaunchScreen.storyboard in Resources */,
				D3A8D47E27CAB6E900B11B82 /* Assets.xcassets in Resources */,
				D3A8D47C27CAB6E800B11B82 /* Main.storyboard in Resources */,
			);
			runOnlyForDeploymentPostprocessing = 0;
		};
/* End PBXResourcesBuildPhase section */

/* Begin PBXSourcesBuildPhase section */
		D3A8D46D27CAB6E800B11B82 /* Sources */ = {
			isa = PBXSourcesBuildPhase;
			buildActionMask = 2147483647;
			files = (
				D3A8D47927CAB6E800B11B82 /* ViewController.swift in Sources */,
				D3A8D47527CAB6E800B11B82 /* AppDelegate.swift in Sources */,
				D3A8D47727CAB6E800B11B82 /* SceneDelegate.swift in Sources */,
			);
			runOnlyForDeploymentPostprocessing = 0;
		};
/* End PBXSourcesBuildPhase section */

/* Begin PBXVariantGroup section */
		D3A8D47A27CAB6E800B11B82 /* Main.storyboard */ = {
			isa = PBXVariantGroup;
			children = (
				D3A8D47B27CAB6E800B11B82 /* Base */,
			);
			name = Main.storyboard;
			sourceTree = "<group>";
		};
		D3A8D47F27CAB6E900B11B82 /* LaunchScreen.storyboard */ = {
			isa = PBXVariantGroup;
			children = (
				D3A8D48027CAB6E900B11B82 /* Base */,
			);
			name = LaunchScreen.storyboard;
			sourceTree = "<group>";
		};
/* End PBXVariantGroup section */

/* Begin XCBuildConfiguration section */
		D3A8D48327CAB6E900B11B82 /* Debug */ = {
			isa = XCBuildConfiguration;
			buildSettings = {
				ALWAYS_SEARCH_USER_PATHS = NO;
				CLANG_ANALYZER_NONNULL = YES;
				CLANG_ANALYZER_NUMBER_OBJECT_CONVERSION = YES_AGGRESSIVE;
				CLANG_CXX_LANGUAGE_STANDARD = "gnu++17";
				CLANG_CXX_LIBRARY = "libc++";
				CLANG_ENABLE_MODULES = YES;
				CLANG_ENABLE_OBJC_ARC = YES;
				CLANG_ENABLE_OBJC_WEAK = YES;
				CLANG_WARN_BLOCK_CAPTURE_AUTORELEASING = YES;
				CLANG_WARN_BOOL_CONVERSION = YES;
				CLANG_WARN_COMMA = YES;
				CLANG_WARN_CONSTANT_CONVERSION = YES;
				CLANG_WARN_DEPRECATED_OBJC_IMPLEMENTATIONS = YES;
				CLANG_WARN_DIRECT_OBJC_ISA_USAGE = YES_ERROR;
				CLANG_WARN_DOCUMENTATION_COMMENTS = YES;
				CLANG_WARN_EMPTY_BODY = YES;
				CLANG_WARN_ENUM_CONVERSION = YES;
				CLANG_WARN_INFINITE_RECURSION = YES;
				CLANG_WARN_INT_CONVERSION = YES;
				CLANG_WARN_NON_LITERAL_NULL_CONVERSION = YES;
				CLANG_WARN_OBJC_IMPLICIT_RETAIN_SELF = YES;
				CLANG_WARN_OBJC_LITERAL_CONVERSION = YES;
				CLANG_WARN_OBJC_ROOT_CLASS = YES_ERROR;
				CLANG_WARN_QUOTED_INCLUDE_IN_FRAMEWORK_HEADER = YES;
				CLANG_WARN_RANGE_LOOP_ANALYSIS = YES;
				CLANG_WARN_STRICT_PROTOTYPES = YES;
				CLANG_WARN_SUSPICIOUS_MOVE = YES;
				CLANG_WARN_UNGUARDED_AVAILABILITY = YES_AGGRESSIVE;
				CLANG_WARN_UNREACHABLE_CODE = YES;
				CLANG_WARN__DUPLICATE_METHOD_MATCH = YES;
				COPY_PHASE_STRIP = NO;
				DEBUG_INFORMATION_FORMAT = dwarf;
				ENABLE_STRICT_OBJC_MSGSEND = YES;
				ENABLE_TESTABILITY = YES;
				GCC_C_LANGUAGE_STANDARD = gnu11;
				GCC_DYNAMIC_NO_PIC = NO;
				GCC_NO_COMMON_BLOCKS = YES;
				GCC_OPTIMIZATION_LEVEL = 0;
				GCC_PREPROCESSOR_DEFINITIONS = (
					"DEBUG=1",
					"$(inherited)",
				);
				GCC_WARN_64_TO_32_BIT_CONVERSION = YES;
				GCC_WARN_ABOUT_RETURN_TYPE = YES_ERROR;
				GCC_WARN_UNDECLARED_SELECTOR = YES;
				GCC_WARN_UNINITIALIZED_AUTOS = YES_AGGRESSIVE;
				GCC_WARN_UNUSED_FUNCTION = YES;
				GCC_WARN_UNUSED_VARIABLE = YES;
				IPHONEOS_DEPLOYMENT_TARGET = 13.0;
				MTL_ENABLE_DEBUG_INFO = INCLUDE_SOURCE;
				MTL_FAST_MATH = YES;
				ONLY_ACTIVE_ARCH = YES;
				SDKROOT = iphoneos;
				SWIFT_ACTIVE_COMPILATION_CONDITIONS = DEBUG;
				SWIFT_OPTIMIZATION_LEVEL = "-Onone";
			};
			name = Debug;
		};
		D3A8D48427CAB6E900B11B82 /* Release */ = {
			isa = XCBuildConfiguration;
			buildSettings = {
				ALWAYS_SEARCH_USER_PATHS = NO;
				CLANG_ANALYZER_NONNULL = YES;
				CLANG_ANALYZER_NUMBER_OBJECT_CONVERSION = YES_AGGRESSIVE;
				CLANG_CXX_LANGUAGE_STANDARD = "gnu++17";
				CLANG_CXX_LIBRARY = "libc++";
				CLANG_ENABLE_MODULES = YES;
				CLANG_ENABLE_OBJC_ARC = YES;
				CLANG_ENABLE_OBJC_WEAK = YES;
				CLANG_WARN_BLOCK_CAPTURE_AUTORELEASING = YES;
				CLANG_WARN_BOOL_CONVERSION = YES;
				CLANG_WARN_COMMA = YES;
				CLANG_WARN_CONSTANT_CONVERSION = YES;
				CLANG_WARN_DEPRECATED_OBJC_IMPLEMENTATIONS = YES;
				CLANG_WARN_DIRECT_OBJC_ISA_USAGE = YES_ERROR;
				CLANG_WARN_DOCUMENTATION_COMMENTS = YES;
				CLANG_WARN_EMPTY_BODY = YES;
				CLANG_WARN_ENUM_CONVERSION = YES;
				CLANG_WARN_INFINITE_RECURSION = YES;
				CLANG_WARN_INT_CONVERSION = YES;
				CLANG_WARN_NON_LITERAL_NULL_CONVERSION = YES;
				CLANG_WARN_OBJC_IMPLICIT_RETAIN_SELF = YES;
				CLANG_WARN_OBJC_LITERAL_CONVERSION = YES;
				CLANG_WARN_OBJC_ROOT_CLASS = YES_ERROR;
				CLANG_WARN_QUOTED_INCLUDE_IN_FRAMEWORK_HEADER = YES;
				CLANG_WARN_RANGE_LOOP_ANALYSIS = YES;
				CLANG_WARN_STRICT_PROTOTYPES = YES;
				CLANG_WARN_SUSPICIOUS_MOVE = YES;
				CLANG_WARN_UNGUARDED_AVAILABILITY = YES_AGGRESSIVE;
				CLANG_WARN_UNREACHABLE_CODE = YES;
				CLANG_WARN__DUPLICATE_METHOD_MATCH = YES;
				COPY_PHASE_STRIP = NO;
				DEBUG_INFORMATION_FORMAT = "dwarf-with-dsym";
				ENABLE_NS_ASSERTIONS = NO;
				ENABLE_STRICT_OBJC_MSGSEND = YES;
				GCC_C_LANGUAGE_STANDARD = gnu11;
				GCC_NO_COMMON_BLOCKS = YES;
				GCC_WARN_64_TO_32_BIT_CONVERSION = YES;
				GCC_WARN_ABOUT_RETURN_TYPE = YES_ERROR;
				GCC_WARN_UNDECLARED_SELECTOR = YES;
				GCC_WARN_UNINITIALIZED_AUTOS = YES_AGGRESSIVE;
				GCC_WARN_UNUSED_FUNCTION = YES;
				GCC_WARN_UNUSED_VARIABLE = YES;
				IPHONEOS_DEPLOYMENT_TARGET = 13.0;
				MTL_ENABLE_DEBUG_INFO = NO;
				MTL_FAST_MATH = YES;
				SDKROOT = iphoneos;
				SWIFT_COMPILATION_MODE = wholemodule;
				SWIFT_OPTIMIZATION_LEVEL = "-O";
				VALIDATE_PRODUCT = YES;
			};
			name = Release;
		};
		D3A8D48627CAB6E900B11B82 /* Debug */ = {
			isa = XCBuildConfiguration;
			buildSettings = {
				ASSETCATALOG_COMPILER_APPICON_NAME = AppIcon;
				ASSETCATALOG_COMPILER_GLOBAL_ACCENT_COLOR_NAME = AccentColor;
				CODE_SIGN_STYLE = Automatic;
				CURRENT_PROJECT_VERSION = 1;
				DEVELOPMENT_TEAM = DZ2UT2DP92;
				GENERATE_INFOPLIST_FILE = YES;
				INFOPLIST_FILE = AlamofireDemo/Info.plist;
				INFOPLIST_KEY_UIApplicationSupportsIndirectInputEvents = YES;
				INFOPLIST_KEY_UILaunchStoryboardName = LaunchScreen;
				INFOPLIST_KEY_UIMainStoryboardFile = Main;
				INFOPLIST_KEY_UISupportedInterfaceOrientations_iPad = "UIInterfaceOrientationPortrait UIInterfaceOrientationPortraitUpsideDown UIInterfaceOrientationLandscapeLeft UIInterfaceOrientationLandscapeRight";
				INFOPLIST_KEY_UISupportedInterfaceOrientations_iPhone = "UIInterfaceOrientationPortrait UIInterfaceOrientationLandscapeLeft UIInterfaceOrientationLandscapeRight";
				LD_RUNPATH_SEARCH_PATHS = (
					"$(inherited)",
					"@executable_path/Frameworks",
				);
				MARKETING_VERSION = 1.0;
				PRODUCT_BUNDLE_IDENTIFIER = "com.Bin-Abbas.AlamofireDemo";
				PRODUCT_NAME = "$(TARGET_NAME)";
				SWIFT_EMIT_LOC_STRINGS = YES;
				SWIFT_VERSION = 5.0;
				TARGETED_DEVICE_FAMILY = "1,2";
			};
			name = Debug;
		};
		D3A8D48727CAB6E900B11B82 /* Release */ = {
			isa = XCBuildConfiguration;
			buildSettings = {
				ASSETCATALOG_COMPILER_APPICON_NAME = AppIcon;
				ASSETCATALOG_COMPILER_GLOBAL_ACCENT_COLOR_NAME = AccentColor;
				CODE_SIGN_STYLE = Automatic;
				CURRENT_PROJECT_VERSION = 1;
				DEVELOPMENT_TEAM = DZ2UT2DP92;
				GENERATE_INFOPLIST_FILE = YES;
				INFOPLIST_FILE = AlamofireDemo/Info.plist;
				INFOPLIST_KEY_UIApplicationSupportsIndirectInputEvents = YES;
				INFOPLIST_KEY_UILaunchStoryboardName = LaunchScreen;
				INFOPLIST_KEY_UIMainStoryboardFile = Main;
				INFOPLIST_KEY_UISupportedInterfaceOrientations_iPad = "UIInterfaceOrientationPortrait UIInterfaceOrientationPortraitUpsideDown UIInterfaceOrientationLandscapeLeft UIInterfaceOrientationLandscapeRight";
				INFOPLIST_KEY_UISupportedInterfaceOrientations_iPhone = "UIInterfaceOrientationPortrait UIInterfaceOrientationLandscapeLeft UIInterfaceOrientationLandscapeRight";
				LD_RUNPATH_SEARCH_PATHS = (
					"$(inherited)",
					"@executable_path/Frameworks",
				);
				MARKETING_VERSION = 1.0;
				PRODUCT_BUNDLE_IDENTIFIER = "com.Bin-Abbas.AlamofireDemo";
				PRODUCT_NAME = "$(TARGET_NAME)";
				SWIFT_EMIT_LOC_STRINGS = YES;
				SWIFT_VERSION = 5.0;
				TARGETED_DEVICE_FAMILY = "1,2";
			};
			name = Release;
		};
/* End XCBuildConfiguration section */

/* Begin XCConfigurationList section */
		D3A8D46C27CAB6E800B11B82 /* Build configuration list for PBXProject "AlamofireDemo" */ = {
			isa = XCConfigurationList;
			buildConfigurations = (
				D3A8D48327CAB6E900B11B82 /* Debug */,
				D3A8D48427CAB6E900B11B82 /* Release */,
			);
			defaultConfigurationIsVisible = 0;
			defaultConfigurationName = Release;
		};
		D3A8D48527CAB6E900B11B82 /* Build configuration list for PBXNativeTarget "AlamofireDemo" */ = {
			isa = XCConfigurationList;
			buildConfigurations = (
				D3A8D48627CAB6E900B11B82 /* Debug */,
				D3A8D48727CAB6E900B11B82 /* Release */,
			);
			defaultConfigurationIsVisible = 0;
			defaultConfigurationName = Release;
		};
/* End XCConfigurationList section */
	};
	rootObject = D3A8D46927CAB6E800B11B82 /* Project object */;
}
